// !$*UTF8*$!
{
	archiveVersion = 1;
	classes = {
	};
	objectVersion = 74;
	objects = {

/* Begin PBXBuildFile section */
		080EDEFB21B6DA7E00813479 /* EssentialFeed.framework in Frameworks */ = {isa = PBXBuildFile; fileRef = 080EDEF121B6DA7E00813479 /* EssentialFeed.framework */; };
		080EDF0C21B6DAE800813479 /* FeedImage.swift in Sources */ = {isa = PBXBuildFile; fileRef = 080EDF0B21B6DAE800813479 /* FeedImage.swift */; };
		080EDF0E21B6DCB600813479 /* FeedLoader.swift in Sources */ = {isa = PBXBuildFile; fileRef = 080EDF0D21B6DCB600813479 /* FeedLoader.swift */; };
		E308D61B2E170F460095F25A /* EssentialFeed.framework in Frameworks */ = {isa = PBXBuildFile; fileRef = 080EDEF121B6DA7E00813479 /* EssentialFeed.framework */; };
		E30B07412E004FC000B16574 /* FeedStore.xcdatamodeld in Sources */ = {isa = PBXBuildFile; fileRef = E30B073F2E004FC000B16574 /* FeedStore.xcdatamodeld */; };
		E31DD7482EBE80E9001ADC12 /* RemoteFeedImageDataLoaderTests.swift in Sources */ = {isa = PBXBuildFile; fileRef = E31DD7472EBE80E9001ADC12 /* RemoteFeedImageDataLoaderTests.swift */; };
		E325F7282DF0F48100B60EB5 /* LocalFeedLoader.swift in Sources */ = {isa = PBXBuildFile; fileRef = E325F7272DF0F48100B60EB5 /* LocalFeedLoader.swift */; };
		E325F72A2DF1BA6500B60EB5 /* FeedStore.swift in Sources */ = {isa = PBXBuildFile; fileRef = E325F7292DF1BA6500B60EB5 /* FeedStore.swift */; };
		E32AE11D2DFB6DC3007A0AD9 /* ValidateFeedCacheUsecaseTests.swift in Sources */ = {isa = PBXBuildFile; fileRef = E32AE11C2DFB6DC3007A0AD9 /* ValidateFeedCacheUsecaseTests.swift */; };
		E32AE11F2DFB75A3007A0AD9 /* FeedCacheHelpers.swift in Sources */ = {isa = PBXBuildFile; fileRef = E32AE11E2DFB75A3007A0AD9 /* FeedCacheHelpers.swift */; };
		E32AE1212DFB76C5007A0AD9 /* SharedTestHelpers.swift in Sources */ = {isa = PBXBuildFile; fileRef = E32AE1202DFB76C5007A0AD9 /* SharedTestHelpers.swift */; };
		E32AE1222DFB76C5007A0AD9 /* SharedTestHelpers.swift in Sources */ = {isa = PBXBuildFile; fileRef = E32AE1202DFB76C5007A0AD9 /* SharedTestHelpers.swift */; };
		E32C98B32EC647B400764400 /* LocalFeedImageDataLoaderTests.swift in Sources */ = {isa = PBXBuildFile; fileRef = E32C98B22EC647B400764400 /* LocalFeedImageDataLoaderTests.swift */; };
		E3436A1A2DE0B5DD00615B52 /* URLSessionHTTPClient.swift in Sources */ = {isa = PBXBuildFile; fileRef = E3436A192DE0B5DD00615B52 /* URLSessionHTTPClient.swift */; };
		E3436A242DE0D42B00615B52 /* EssentialFeed.framework in Frameworks */ = {isa = PBXBuildFile; fileRef = 080EDEF121B6DA7E00813479 /* EssentialFeed.framework */; };
		E3436A2A2DE0E98600615B52 /* XCTestCase+MemoryLeakTracking.swift in Sources */ = {isa = PBXBuildFile; fileRef = E3EDC2972DDF315E005299A9 /* XCTestCase+MemoryLeakTracking.swift */; };
		E3457BCF2EC0BBA50083A4EE /* FeedImageDataLoader.swift in Sources */ = {isa = PBXBuildFile; fileRef = E31904322EBD3B4800482B7E /* FeedImageDataLoader.swift */; };
		E35C0ADE2DFC33C9000159B0 /* FeedCachePolicy.swift in Sources */ = {isa = PBXBuildFile; fileRef = E35C0ADD2DFC33C9000159B0 /* FeedCachePolicy.swift */; };
		E3648E952DEED80600E611D0 /* CacheFeedUseCaseTests.swift in Sources */ = {isa = PBXBuildFile; fileRef = E3648E942DEED80600E611D0 /* CacheFeedUseCaseTests.swift */; };
		E36AB57C2ECA640100E6DC68 /* LocalFeedImageDataLoader.swift in Sources */ = {isa = PBXBuildFile; fileRef = E36AB57B2ECA640100E6DC68 /* LocalFeedImageDataLoader.swift */; };
		E36AB57E2ECA644C00E6DC68 /* FeedImageDataStore.swift in Sources */ = {isa = PBXBuildFile; fileRef = E36AB57D2ECA644C00E6DC68 /* FeedImageDataStore.swift */; };
		E36AB5802ECA7BB200E6DC68 /* FeedImageDataStoreSpy.swift in Sources */ = {isa = PBXBuildFile; fileRef = E36AB57F2ECA7BB200E6DC68 /* FeedImageDataStoreSpy.swift */; };
		E36AB5812ECA7BB200E6DC68 /* FeedImageDataStoreSpy.swift in Sources */ = {isa = PBXBuildFile; fileRef = E36AB57F2ECA7BB200E6DC68 /* FeedImageDataStoreSpy.swift */; };
		E36AB5832ECA7D0C00E6DC68 /* CacheFeedImageDataUseCaseTests.swift in Sources */ = {isa = PBXBuildFile; fileRef = E36AB5822ECA7D0C00E6DC68 /* CacheFeedImageDataUseCaseTests.swift */; };
		E36AB5842ECA7D0C00E6DC68 /* CacheFeedImageDataUseCaseTests.swift in Sources */ = {isa = PBXBuildFile; fileRef = E36AB5822ECA7D0C00E6DC68 /* CacheFeedImageDataUseCaseTests.swift */; };
		E38E7E6C2E0EF08000D2452E /* EssentialFeediOS.framework in Frameworks */ = {isa = PBXBuildFile; fileRef = E38E7E642E0EF08000D2452E /* EssentialFeediOS.framework */; };
		E3A2C0C32DFF660C009795DB /* CoreDataFeedStoreTests.swift in Sources */ = {isa = PBXBuildFile; fileRef = E3A2C0C22DFF660C009795DB /* CoreDataFeedStoreTests.swift */; };
		E3A2C0C52DFF66E3009795DB /* CoreDataFeedStore.swift in Sources */ = {isa = PBXBuildFile; fileRef = E3A2C0C42DFF66E3009795DB /* CoreDataFeedStore.swift */; };
		E3A435CE2DDC85FC00134B0C /* LoadFeedFromRemoteUseCaseTests.swift in Sources */ = {isa = PBXBuildFile; fileRef = E3A435CD2DDC85FC00134B0C /* LoadFeedFromRemoteUseCaseTests.swift */; };
		E3BD65F82DDC9A7B008EC29A /* RemoteFeedLoader.swift in Sources */ = {isa = PBXBuildFile; fileRef = E3BD65F72DDC9A7B008EC29A /* RemoteFeedLoader.swift */; };
		E3BD65FA2DDCD590008EC29A /* HTTPClient.swift in Sources */ = {isa = PBXBuildFile; fileRef = E3BD65F92DDCD590008EC29A /* HTTPClient.swift */; };
		E3BD65FC2DDCD627008EC29A /* FeedItemsMapper.swift in Sources */ = {isa = PBXBuildFile; fileRef = E3BD65FB2DDCD627008EC29A /* FeedItemsMapper.swift */; };
		E3CFC9AA2DF8A6A60065BF5F /* RemoteFeedItem.swift in Sources */ = {isa = PBXBuildFile; fileRef = E3CFC9A92DF8A6A60065BF5F /* RemoteFeedItem.swift */; };
		E3CFC9AC2DF8A7DD0065BF5F /* LocalFeedImage.swift in Sources */ = {isa = PBXBuildFile; fileRef = E3CFC9AB2DF8A7DD0065BF5F /* LocalFeedImage.swift */; };
		E3CFC9AE2DF8BAD20065BF5F /* LoadFeedFromCacheUseCaseTests.swift in Sources */ = {isa = PBXBuildFile; fileRef = E3CFC9AD2DF8BAD20065BF5F /* LoadFeedFromCacheUseCaseTests.swift */; };
		E3CFC9B12DF8BD560065BF5F /* FeedStoreSpy.swift in Sources */ = {isa = PBXBuildFile; fileRef = E3CFC9B02DF8BD560065BF5F /* FeedStoreSpy.swift */; };
		E3DC11CD2E10648C00775ED3 /* EssentialFeed.framework in Frameworks */ = {isa = PBXBuildFile; fileRef = 080EDEF121B6DA7E00813479 /* EssentialFeed.framework */; };
		E3E1A6ED2E07128F00D1EEE8 /* EssentialFeed.framework in Frameworks */ = {isa = PBXBuildFile; fileRef = 080EDEF121B6DA7E00813479 /* EssentialFeed.framework */; };
		E3E1A6FE2E0716D200D1EEE8 /* XCTestCase+MemoryLeakTracking.swift in Sources */ = {isa = PBXBuildFile; fileRef = E3EDC2972DDF315E005299A9 /* XCTestCase+MemoryLeakTracking.swift */; };
		E3E1A6FF2E07172B00D1EEE8 /* FeedCacheHelpers.swift in Sources */ = {isa = PBXBuildFile; fileRef = E32AE11E2DFB75A3007A0AD9 /* FeedCacheHelpers.swift */; };
		E3E1A7002E07173600D1EEE8 /* SharedTestHelpers.swift in Sources */ = {isa = PBXBuildFile; fileRef = E32AE1202DFB76C5007A0AD9 /* SharedTestHelpers.swift */; };
		E3E2FEF12E01DC020084C3FC /* CoreDataHelpers.swift in Sources */ = {isa = PBXBuildFile; fileRef = E3E2FEF02E01DC020084C3FC /* CoreDataHelpers.swift */; };
		E3E2FEF32E01DCD20084C3FC /* ManagedCache.swift in Sources */ = {isa = PBXBuildFile; fileRef = E3E2FEF22E01DCD20084C3FC /* ManagedCache.swift */; };
		E3E2FEF52E01DD070084C3FC /* ManagedFeedImage.swift in Sources */ = {isa = PBXBuildFile; fileRef = E3E2FEF42E01DD070084C3FC /* ManagedFeedImage.swift */; };
		E3EB9FF12DFEDEA1001007F6 /* FeedStoreSpecs.swift in Sources */ = {isa = PBXBuildFile; fileRef = E3EB9FF02DFEDEA1001007F6 /* FeedStoreSpecs.swift */; };
		E3EB9FF32DFEDFD3001007F6 /* XCTestCase+FeedStoreSpecs.swift in Sources */ = {isa = PBXBuildFile; fileRef = E3EB9FF22DFEDFD3001007F6 /* XCTestCase+FeedStoreSpecs.swift */; };
		E3EB9FF52DFF0BFE001007F6 /* XCTestCase+FailableRetrieveFeedStoreSpecs.swift in Sources */ = {isa = PBXBuildFile; fileRef = E3EB9FF42DFF0BFE001007F6 /* XCTestCase+FailableRetrieveFeedStoreSpecs.swift */; };
		E3EB9FF72DFF0D4B001007F6 /* XCTestCase+FailableInsertFeedStoreSpecs.swift in Sources */ = {isa = PBXBuildFile; fileRef = E3EB9FF62DFF0D4B001007F6 /* XCTestCase+FailableInsertFeedStoreSpecs.swift */; };
		E3EB9FF92DFF0FB9001007F6 /* XCTestCase+FailableDeleteFeedStoreSpecs.swift in Sources */ = {isa = PBXBuildFile; fileRef = E3EB9FF82DFF0FB9001007F6 /* XCTestCase+FailableDeleteFeedStoreSpecs.swift */; };
		E3EDC2962DDE1228005299A9 /* URLSessionHTTPClientTests.swift in Sources */ = {isa = PBXBuildFile; fileRef = E3EDC2952DDE1228005299A9 /* URLSessionHTTPClientTests.swift */; };
		E3EDC2982DDF315E005299A9 /* XCTestCase+MemoryLeakTracking.swift in Sources */ = {isa = PBXBuildFile; fileRef = E3EDC2972DDF315E005299A9 /* XCTestCase+MemoryLeakTracking.swift */; };
		E3EFD03D2EC37A8F008900CE /* RemoteFeedImageDataLoader.swift in Sources */ = {isa = PBXBuildFile; fileRef = E3EFD03C2EC37A8F008900CE /* RemoteFeedImageDataLoader.swift */; };
		E3FDC7D52DE8DA5B00F9AD7C /* CI_macOS.xctestplan in Resources */ = {isa = PBXBuildFile; fileRef = E3FDC7D42DE8DA5B00F9AD7C /* CI_macOS.xctestplan */; };
/* End PBXBuildFile section */

/* Begin PBXContainerItemProxy section */
		080EDEFC21B6DA7E00813479 /* PBXContainerItemProxy */ = {
			isa = PBXContainerItemProxy;
			containerPortal = 080EDEE821B6DA7E00813479 /* Project object */;
			proxyType = 1;
			remoteGlobalIDString = 080EDEF021B6DA7E00813479;
			remoteInfo = EssentialFeed;
		};
		E3436A252DE0D42B00615B52 /* PBXContainerItemProxy */ = {
			isa = PBXContainerItemProxy;
			containerPortal = 080EDEE821B6DA7E00813479 /* Project object */;
			proxyType = 1;
			remoteGlobalIDString = 080EDEF021B6DA7E00813479;
			remoteInfo = EssentialFeed;
		};
		E38E7E6D2E0EF08000D2452E /* PBXContainerItemProxy */ = {
			isa = PBXContainerItemProxy;
			containerPortal = 080EDEE821B6DA7E00813479 /* Project object */;
			proxyType = 1;
			remoteGlobalIDString = E38E7E632E0EF08000D2452E;
			remoteInfo = EssentialFeediOS;
		};
		E3E1A6EE2E07128F00D1EEE8 /* PBXContainerItemProxy */ = {
			isa = PBXContainerItemProxy;
			containerPortal = 080EDEE821B6DA7E00813479 /* Project object */;
			proxyType = 1;
			remoteGlobalIDString = 080EDEF021B6DA7E00813479;
			remoteInfo = EssentialFeed;
		};
/* End PBXContainerItemProxy section */

/* Begin PBXFileReference section */
		080EDEF121B6DA7E00813479 /* EssentialFeed.framework */ = {isa = PBXFileReference; explicitFileType = wrapper.framework; includeInIndex = 0; path = EssentialFeed.framework; sourceTree = BUILT_PRODUCTS_DIR; };
		080EDEF521B6DA7E00813479 /* Info.plist */ = {isa = PBXFileReference; lastKnownFileType = text.plist.xml; path = Info.plist; sourceTree = "<group>"; };
		080EDEFA21B6DA7E00813479 /* EssentialFeedTests.xctest */ = {isa = PBXFileReference; explicitFileType = wrapper.cfbundle; includeInIndex = 0; path = EssentialFeedTests.xctest; sourceTree = BUILT_PRODUCTS_DIR; };
		080EDF0121B6DA7E00813479 /* Info.plist */ = {isa = PBXFileReference; lastKnownFileType = text.plist.xml; path = Info.plist; sourceTree = "<group>"; };
		080EDF0B21B6DAE800813479 /* FeedImage.swift */ = {isa = PBXFileReference; lastKnownFileType = sourcecode.swift; path = FeedImage.swift; sourceTree = "<group>"; };
		080EDF0D21B6DCB600813479 /* FeedLoader.swift */ = {isa = PBXFileReference; lastKnownFileType = sourcecode.swift; path = FeedLoader.swift; sourceTree = "<group>"; };
		E30B07402E004FC000B16574 /* FeedStore.xcdatamodel */ = {isa = PBXFileReference; lastKnownFileType = wrapper.xcdatamodel; path = FeedStore.xcdatamodel; sourceTree = "<group>"; };
		E31904322EBD3B4800482B7E /* FeedImageDataLoader.swift */ = {isa = PBXFileReference; lastKnownFileType = sourcecode.swift; path = FeedImageDataLoader.swift; sourceTree = "<group>"; };
		E31DD7472EBE80E9001ADC12 /* RemoteFeedImageDataLoaderTests.swift */ = {isa = PBXFileReference; lastKnownFileType = sourcecode.swift; path = RemoteFeedImageDataLoaderTests.swift; sourceTree = "<group>"; };
		E325F7272DF0F48100B60EB5 /* LocalFeedLoader.swift */ = {isa = PBXFileReference; lastKnownFileType = sourcecode.swift; path = LocalFeedLoader.swift; sourceTree = "<group>"; };
		E325F7292DF1BA6500B60EB5 /* FeedStore.swift */ = {isa = PBXFileReference; lastKnownFileType = sourcecode.swift; path = FeedStore.swift; sourceTree = "<group>"; };
		E32AE11C2DFB6DC3007A0AD9 /* ValidateFeedCacheUsecaseTests.swift */ = {isa = PBXFileReference; lastKnownFileType = sourcecode.swift; path = ValidateFeedCacheUsecaseTests.swift; sourceTree = "<group>"; };
		E32AE11E2DFB75A3007A0AD9 /* FeedCacheHelpers.swift */ = {isa = PBXFileReference; lastKnownFileType = sourcecode.swift; path = FeedCacheHelpers.swift; sourceTree = "<group>"; };
		E32AE1202DFB76C5007A0AD9 /* SharedTestHelpers.swift */ = {isa = PBXFileReference; lastKnownFileType = sourcecode.swift; path = SharedTestHelpers.swift; sourceTree = "<group>"; };
		E32C98B22EC647B400764400 /* LocalFeedImageDataLoaderTests.swift */ = {isa = PBXFileReference; lastKnownFileType = sourcecode.swift; path = LocalFeedImageDataLoaderTests.swift; sourceTree = "<group>"; };
		E334E9BD2DEA16FB0010497C /* EssentialFeed.xctestplan */ = {isa = PBXFileReference; lastKnownFileType = text; name = EssentialFeed.xctestplan; path = EssentialFeedTests/EssentialFeed.xctestplan; sourceTree = SOURCE_ROOT; };
		E33CC8E82E0F0C790098837A /* CI_iOS.xctestplan */ = {isa = PBXFileReference; lastKnownFileType = text; path = CI_iOS.xctestplan; sourceTree = "<group>"; };
		E3436A192DE0B5DD00615B52 /* URLSessionHTTPClient.swift */ = {isa = PBXFileReference; lastKnownFileType = sourcecode.swift; path = URLSessionHTTPClient.swift; sourceTree = "<group>"; };
		E3436A202DE0D42B00615B52 /* EssentialFeedAPIEndToEndTests.xctest */ = {isa = PBXFileReference; explicitFileType = wrapper.cfbundle; includeInIndex = 0; path = EssentialFeedAPIEndToEndTests.xctest; sourceTree = BUILT_PRODUCTS_DIR; };
		E35C0ADD2DFC33C9000159B0 /* FeedCachePolicy.swift */ = {isa = PBXFileReference; lastKnownFileType = sourcecode.swift; path = FeedCachePolicy.swift; sourceTree = "<group>"; };
		E3648E942DEED80600E611D0 /* CacheFeedUseCaseTests.swift */ = {isa = PBXFileReference; lastKnownFileType = sourcecode.swift; path = CacheFeedUseCaseTests.swift; sourceTree = "<group>"; };
		E36AB57B2ECA640100E6DC68 /* LocalFeedImageDataLoader.swift */ = {isa = PBXFileReference; lastKnownFileType = sourcecode.swift; path = LocalFeedImageDataLoader.swift; sourceTree = "<group>"; };
		E36AB57D2ECA644C00E6DC68 /* FeedImageDataStore.swift */ = {isa = PBXFileReference; lastKnownFileType = sourcecode.swift; path = FeedImageDataStore.swift; sourceTree = "<group>"; };
		E36AB57F2ECA7BB200E6DC68 /* FeedImageDataStoreSpy.swift */ = {isa = PBXFileReference; lastKnownFileType = sourcecode.swift; path = FeedImageDataStoreSpy.swift; sourceTree = "<group>"; };
		E36AB5822ECA7D0C00E6DC68 /* CacheFeedImageDataUseCaseTests.swift */ = {isa = PBXFileReference; lastKnownFileType = sourcecode.swift; path = CacheFeedImageDataUseCaseTests.swift; sourceTree = "<group>"; };
		E38E7E642E0EF08000D2452E /* EssentialFeediOS.framework */ = {isa = PBXFileReference; explicitFileType = wrapper.framework; includeInIndex = 0; path = EssentialFeediOS.framework; sourceTree = BUILT_PRODUCTS_DIR; };
		E38E7E6B2E0EF08000D2452E /* EssentialFeediOSTests.xctest */ = {isa = PBXFileReference; explicitFileType = wrapper.cfbundle; includeInIndex = 0; path = EssentialFeediOSTests.xctest; sourceTree = BUILT_PRODUCTS_DIR; };
		E3A2C0C22DFF660C009795DB /* CoreDataFeedStoreTests.swift */ = {isa = PBXFileReference; lastKnownFileType = sourcecode.swift; path = CoreDataFeedStoreTests.swift; sourceTree = "<group>"; };
		E3A2C0C42DFF66E3009795DB /* CoreDataFeedStore.swift */ = {isa = PBXFileReference; lastKnownFileType = sourcecode.swift; path = CoreDataFeedStore.swift; sourceTree = "<group>"; };
		E3A435CD2DDC85FC00134B0C /* LoadFeedFromRemoteUseCaseTests.swift */ = {isa = PBXFileReference; lastKnownFileType = sourcecode.swift; path = LoadFeedFromRemoteUseCaseTests.swift; sourceTree = "<group>"; };
		E3BD65F72DDC9A7B008EC29A /* RemoteFeedLoader.swift */ = {isa = PBXFileReference; lastKnownFileType = sourcecode.swift; path = RemoteFeedLoader.swift; sourceTree = "<group>"; };
		E3BD65F92DDCD590008EC29A /* HTTPClient.swift */ = {isa = PBXFileReference; lastKnownFileType = sourcecode.swift; path = HTTPClient.swift; sourceTree = "<group>"; };
		E3BD65FB2DDCD627008EC29A /* FeedItemsMapper.swift */ = {isa = PBXFileReference; lastKnownFileType = sourcecode.swift; path = FeedItemsMapper.swift; sourceTree = "<group>"; };
		E3CFC9A92DF8A6A60065BF5F /* RemoteFeedItem.swift */ = {isa = PBXFileReference; lastKnownFileType = sourcecode.swift; path = RemoteFeedItem.swift; sourceTree = "<group>"; };
		E3CFC9AB2DF8A7DD0065BF5F /* LocalFeedImage.swift */ = {isa = PBXFileReference; lastKnownFileType = sourcecode.swift; path = LocalFeedImage.swift; sourceTree = "<group>"; };
		E3CFC9AD2DF8BAD20065BF5F /* LoadFeedFromCacheUseCaseTests.swift */ = {isa = PBXFileReference; lastKnownFileType = sourcecode.swift; path = LoadFeedFromCacheUseCaseTests.swift; sourceTree = "<group>"; };
		E3CFC9B02DF8BD560065BF5F /* FeedStoreSpy.swift */ = {isa = PBXFileReference; lastKnownFileType = sourcecode.swift; path = FeedStoreSpy.swift; sourceTree = "<group>"; };
		E3E1A6E92E07128F00D1EEE8 /* EssentialFeedCacheIntegrationTests.xctest */ = {isa = PBXFileReference; explicitFileType = wrapper.cfbundle; includeInIndex = 0; path = EssentialFeedCacheIntegrationTests.xctest; sourceTree = BUILT_PRODUCTS_DIR; };
		E3E2FEF02E01DC020084C3FC /* CoreDataHelpers.swift */ = {isa = PBXFileReference; lastKnownFileType = sourcecode.swift; path = CoreDataHelpers.swift; sourceTree = "<group>"; };
		E3E2FEF22E01DCD20084C3FC /* ManagedCache.swift */ = {isa = PBXFileReference; lastKnownFileType = sourcecode.swift; path = ManagedCache.swift; sourceTree = "<group>"; };
		E3E2FEF42E01DD070084C3FC /* ManagedFeedImage.swift */ = {isa = PBXFileReference; lastKnownFileType = sourcecode.swift; path = ManagedFeedImage.swift; sourceTree = "<group>"; };
		E3EB9FF02DFEDEA1001007F6 /* FeedStoreSpecs.swift */ = {isa = PBXFileReference; lastKnownFileType = sourcecode.swift; path = FeedStoreSpecs.swift; sourceTree = "<group>"; };
		E3EB9FF22DFEDFD3001007F6 /* XCTestCase+FeedStoreSpecs.swift */ = {isa = PBXFileReference; lastKnownFileType = sourcecode.swift; path = "XCTestCase+FeedStoreSpecs.swift"; sourceTree = "<group>"; };
		E3EB9FF42DFF0BFE001007F6 /* XCTestCase+FailableRetrieveFeedStoreSpecs.swift */ = {isa = PBXFileReference; lastKnownFileType = sourcecode.swift; path = "XCTestCase+FailableRetrieveFeedStoreSpecs.swift"; sourceTree = "<group>"; };
		E3EB9FF62DFF0D4B001007F6 /* XCTestCase+FailableInsertFeedStoreSpecs.swift */ = {isa = PBXFileReference; lastKnownFileType = sourcecode.swift; path = "XCTestCase+FailableInsertFeedStoreSpecs.swift"; sourceTree = "<group>"; };
		E3EB9FF82DFF0FB9001007F6 /* XCTestCase+FailableDeleteFeedStoreSpecs.swift */ = {isa = PBXFileReference; lastKnownFileType = sourcecode.swift; path = "XCTestCase+FailableDeleteFeedStoreSpecs.swift"; sourceTree = "<group>"; };
		E3EDC2952DDE1228005299A9 /* URLSessionHTTPClientTests.swift */ = {isa = PBXFileReference; lastKnownFileType = sourcecode.swift; path = URLSessionHTTPClientTests.swift; sourceTree = "<group>"; };
		E3EDC2972DDF315E005299A9 /* XCTestCase+MemoryLeakTracking.swift */ = {isa = PBXFileReference; lastKnownFileType = sourcecode.swift; path = "XCTestCase+MemoryLeakTracking.swift"; sourceTree = "<group>"; };
		E3EFD03C2EC37A8F008900CE /* RemoteFeedImageDataLoader.swift */ = {isa = PBXFileReference; lastKnownFileType = sourcecode.swift; path = RemoteFeedImageDataLoader.swift; sourceTree = "<group>"; };
		E3FDC7D42DE8DA5B00F9AD7C /* CI_macOS.xctestplan */ = {isa = PBXFileReference; lastKnownFileType = text; path = CI_macOS.xctestplan; sourceTree = "<group>"; };
/* End PBXFileReference section */

/* Begin PBXFileSystemSynchronizedBuildFileExceptionSet section */
		E3202F8B2EBBD3B20008ADE2 /* PBXFileSystemSynchronizedBuildFileExceptionSet */ = {
			isa = PBXFileSystemSynchronizedBuildFileExceptionSet;
			membershipExceptions = (
				/Localized/Feed.strings,
				FeedErrorViewModel.swift,
				FeedImagePresenter.swift,
				FeedImageViewModel.swift,
				FeedLoadingViewModel.swift,
				FeedPresenter.swift,
				FeedViewModel.swift,
			);
			target = 080EDEF021B6DA7E00813479 /* EssentialFeed */;
		};
		E3323E9B2EBA7EBA006ABE93 /* PBXFileSystemSynchronizedBuildFileExceptionSet */ = {
			isa = PBXFileSystemSynchronizedBuildFileExceptionSet;
			membershipExceptions = (
				FeedImagePresenterTests.swift,
				FeedPresenterTests.swift,
			);
			target = 080EDEF921B6DA7E00813479 /* EssentialFeedTests */;
		};
		E3614A872EBBE8F800025697 /* PBXFileSystemSynchronizedBuildFileExceptionSet */ = {
			isa = PBXFileSystemSynchronizedBuildFileExceptionSet;
			membershipExceptions = (
				FeedLocalizationTests.swift,
			);
			target = E38E7E6A2E0EF08000D2452E /* EssentialFeediOSTests */;
		};
/* End PBXFileSystemSynchronizedBuildFileExceptionSet section */

/* Begin PBXFileSystemSynchronizedRootGroup section */
		E3202F872EBBD39C0008ADE2 /* FeedPresentation */ = {isa = PBXFileSystemSynchronizedRootGroup; exceptions = (E3202F8B2EBBD3B20008ADE2 /* PBXFileSystemSynchronizedBuildFileExceptionSet */, ); explicitFileTypes = {}; explicitFolders = (); path = FeedPresentation; sourceTree = "<group>"; };
		E3323E982EBA7E9B006ABE93 /* FeedPresentation */ = {isa = PBXFileSystemSynchronizedRootGroup; exceptions = (E3323E9B2EBA7EBA006ABE93 /* PBXFileSystemSynchronizedBuildFileExceptionSet */, E3614A872EBBE8F800025697 /* PBXFileSystemSynchronizedBuildFileExceptionSet */, ); explicitFileTypes = {}; explicitFolders = (); path = FeedPresentation; sourceTree = "<group>"; };
		E3436A212DE0D42B00615B52 /* EssentialFeedAPIEndToEndTests */ = {isa = PBXFileSystemSynchronizedRootGroup; explicitFileTypes = {}; explicitFolders = (); path = EssentialFeedAPIEndToEndTests; sourceTree = "<group>"; };
		E38E7E652E0EF08000D2452E /* EssentialFeediOS */ = {isa = PBXFileSystemSynchronizedRootGroup; explicitFileTypes = {}; explicitFolders = (); path = EssentialFeediOS; sourceTree = "<group>"; };
		E38E7E6F2E0EF08000D2452E /* EssentialFeediOSTests */ = {isa = PBXFileSystemSynchronizedRootGroup; explicitFileTypes = {}; explicitFolders = (); path = EssentialFeediOSTests; sourceTree = "<group>"; };
		E3E1A6EA2E07128F00D1EEE8 /* EssentialFeedCacheIntegrationTests */ = {isa = PBXFileSystemSynchronizedRootGroup; explicitFileTypes = {}; explicitFolders = (); path = EssentialFeedCacheIntegrationTests; sourceTree = "<group>"; };
		E3EFD0422EC38FCF008900CE /* Helpers */ = {isa = PBXFileSystemSynchronizedRootGroup; explicitFileTypes = {}; explicitFolders = (); path = Helpers; sourceTree = "<group>"; };
		E3EFD0432EC3908E008900CE /* Helpers */ = {isa = PBXFileSystemSynchronizedRootGroup; explicitFileTypes = {}; explicitFolders = (); path = Helpers; sourceTree = "<group>"; };
/* End PBXFileSystemSynchronizedRootGroup section */

/* Begin PBXFrameworksBuildPhase section */
		080EDEEE21B6DA7E00813479 /* Frameworks */ = {
			isa = PBXFrameworksBuildPhase;
			buildActionMask = 2147483647;
			files = (
			);
			runOnlyForDeploymentPostprocessing = 0;
		};
		080EDEF721B6DA7E00813479 /* Frameworks */ = {
			isa = PBXFrameworksBuildPhase;
			buildActionMask = 2147483647;
			files = (
				080EDEFB21B6DA7E00813479 /* EssentialFeed.framework in Frameworks */,
			);
			runOnlyForDeploymentPostprocessing = 0;
		};
		E3436A1D2DE0D42B00615B52 /* Frameworks */ = {
			isa = PBXFrameworksBuildPhase;
			buildActionMask = 2147483647;
			files = (
				E3436A242DE0D42B00615B52 /* EssentialFeed.framework in Frameworks */,
			);
			runOnlyForDeploymentPostprocessing = 0;
		};
		E38E7E612E0EF08000D2452E /* Frameworks */ = {
			isa = PBXFrameworksBuildPhase;
			buildActionMask = 2147483647;
			files = (
				E308D61B2E170F460095F25A /* EssentialFeed.framework in Frameworks */,
			);
			runOnlyForDeploymentPostprocessing = 0;
		};
		E38E7E682E0EF08000D2452E /* Frameworks */ = {
			isa = PBXFrameworksBuildPhase;
			buildActionMask = 2147483647;
			files = (
				E3DC11CD2E10648C00775ED3 /* EssentialFeed.framework in Frameworks */,
				E38E7E6C2E0EF08000D2452E /* EssentialFeediOS.framework in Frameworks */,
			);
			runOnlyForDeploymentPostprocessing = 0;
		};
		E3E1A6E62E07128F00D1EEE8 /* Frameworks */ = {
			isa = PBXFrameworksBuildPhase;
			buildActionMask = 2147483647;
			files = (
				E3E1A6ED2E07128F00D1EEE8 /* EssentialFeed.framework in Frameworks */,
			);
			runOnlyForDeploymentPostprocessing = 0;
		};
/* End PBXFrameworksBuildPhase section */

/* Begin PBXGroup section */
		080EDEE721B6DA7E00813479 = {
			isa = PBXGroup;
			children = (
				E33CC8E82E0F0C790098837A /* CI_iOS.xctestplan */,
				E3FDC7D42DE8DA5B00F9AD7C /* CI_macOS.xctestplan */,
				080EDEF321B6DA7E00813479 /* EssentialFeed */,
				080EDEFE21B6DA7E00813479 /* EssentialFeedTests */,
				E3436A212DE0D42B00615B52 /* EssentialFeedAPIEndToEndTests */,
				E3E1A6EA2E07128F00D1EEE8 /* EssentialFeedCacheIntegrationTests */,
				E38E7E652E0EF08000D2452E /* EssentialFeediOS */,
				E38E7E6F2E0EF08000D2452E /* EssentialFeediOSTests */,
				E3DC11CC2E10648C00775ED3 /* Frameworks */,
				080EDEF221B6DA7E00813479 /* Products */,
			);
			sourceTree = "<group>";
		};
		080EDEF221B6DA7E00813479 /* Products */ = {
			isa = PBXGroup;
			children = (
				080EDEF121B6DA7E00813479 /* EssentialFeed.framework */,
				080EDEFA21B6DA7E00813479 /* EssentialFeedTests.xctest */,
				E3436A202DE0D42B00615B52 /* EssentialFeedAPIEndToEndTests.xctest */,
				E3E1A6E92E07128F00D1EEE8 /* EssentialFeedCacheIntegrationTests.xctest */,
				E38E7E642E0EF08000D2452E /* EssentialFeediOS.framework */,
				E38E7E6B2E0EF08000D2452E /* EssentialFeediOSTests.xctest */,
			);
			name = Products;
			sourceTree = "<group>";
		};
		080EDEF321B6DA7E00813479 /* EssentialFeed */ = {
			isa = PBXGroup;
			children = (
				E3202F872EBBD39C0008ADE2 /* FeedPresentation */,
				E325F7262DF0F45200B60EB5 /* Feed Cache */,
				080EDF1021B6DFA200813479 /* Feed Feature */,
				E3BD65F62DDC9A68008EC29A /* Feed API */,
				080EDEF521B6DA7E00813479 /* Info.plist */,
			);
			path = EssentialFeed;
			sourceTree = "<group>";
		};
		080EDEFE21B6DA7E00813479 /* EssentialFeedTests */ = {
			isa = PBXGroup;
			children = (
				E3323E982EBA7E9B006ABE93 /* FeedPresentation */,
				080EDF0121B6DA7E00813479 /* Info.plist */,
				E3EDC2992DDF31DA005299A9 /* Helpers */,
				E3648E932DEED76F00E611D0 /* Feed Cache */,
				E3BD65FD2DDCF57F008EC29A /* Feed API */,
			);
			path = EssentialFeedTests;
			sourceTree = "<group>";
		};
		080EDF1021B6DFA200813479 /* Feed Feature */ = {
			isa = PBXGroup;
			children = (
				080EDF0B21B6DAE800813479 /* FeedImage.swift */,
				080EDF0D21B6DCB600813479 /* FeedLoader.swift */,
				E31904322EBD3B4800482B7E /* FeedImageDataLoader.swift */,
			);
			path = "Feed Feature";
			sourceTree = "<group>";
		};
		E325F7262DF0F45200B60EB5 /* Feed Cache */ = {
			isa = PBXGroup;
			children = (
				E3E2FEED2E01DA7F0084C3FC /* Infrastructure */,
				E325F7272DF0F48100B60EB5 /* LocalFeedLoader.swift */,
				E325F7292DF1BA6500B60EB5 /* FeedStore.swift */,
				E3CFC9AB2DF8A7DD0065BF5F /* LocalFeedImage.swift */,
				E35C0ADD2DFC33C9000159B0 /* FeedCachePolicy.swift */,
				E36AB57B2ECA640100E6DC68 /* LocalFeedImageDataLoader.swift */,
				E36AB57D2ECA644C00E6DC68 /* FeedImageDataStore.swift */,
			);
			path = "Feed Cache";
			sourceTree = "<group>";
		};
		E341A64E2E0B256E007C6760 /* Helpers */ = {
			isa = PBXGroup;
			children = (
				E3E2FEF02E01DC020084C3FC /* CoreDataHelpers.swift */,
			);
			path = Helpers;
			sourceTree = "<group>";
		};
		E3648E932DEED76F00E611D0 /* Feed Cache */ = {
			isa = PBXGroup;
			children = (
				E3EBA0002DFF14D7001007F6 /* FeedStoreSpecs */,
				E3CFC9AF2DF8BD3B0065BF5F /* Helpers */,
				E3648E942DEED80600E611D0 /* CacheFeedUseCaseTests.swift */,
				E3CFC9AD2DF8BAD20065BF5F /* LoadFeedFromCacheUseCaseTests.swift */,
				E32AE11C2DFB6DC3007A0AD9 /* ValidateFeedCacheUsecaseTests.swift */,
				E3A2C0C22DFF660C009795DB /* CoreDataFeedStoreTests.swift */,
				E32C98B22EC647B400764400 /* LocalFeedImageDataLoaderTests.swift */,
			);
			path = "Feed Cache";
			sourceTree = "<group>";
		};
		E3BD65F62DDC9A68008EC29A /* Feed API */ = {
			isa = PBXGroup;
			children = (
				E3BD65F72DDC9A7B008EC29A /* RemoteFeedLoader.swift */,
				E3BD65FB2DDCD627008EC29A /* FeedItemsMapper.swift */,
				E3BD65F92DDCD590008EC29A /* HTTPClient.swift */,
				E3436A192DE0B5DD00615B52 /* URLSessionHTTPClient.swift */,
				E3CFC9A92DF8A6A60065BF5F /* RemoteFeedItem.swift */,
				E3EFD03C2EC37A8F008900CE /* RemoteFeedImageDataLoader.swift */,
				E3EFD0422EC38FCF008900CE /* Helpers */,
			);
			path = "Feed API";
			sourceTree = "<group>";
		};
		E3BD65FD2DDCF57F008EC29A /* Feed API */ = {
			isa = PBXGroup;
			children = (
				E3EFD0432EC3908E008900CE /* Helpers */,
				E3A435CD2DDC85FC00134B0C /* LoadFeedFromRemoteUseCaseTests.swift */,
				E3EDC2952DDE1228005299A9 /* URLSessionHTTPClientTests.swift */,
				E334E9BD2DEA16FB0010497C /* EssentialFeed.xctestplan */,
				E31DD7472EBE80E9001ADC12 /* RemoteFeedImageDataLoaderTests.swift */,
			);
			path = "Feed API";
			sourceTree = "<group>";
		};
		E3CFC9AF2DF8BD3B0065BF5F /* Helpers */ = {
			isa = PBXGroup;
			children = (
				E3CFC9B02DF8BD560065BF5F /* FeedStoreSpy.swift */,
				E32AE11E2DFB75A3007A0AD9 /* FeedCacheHelpers.swift */,
				E36AB57F2ECA7BB200E6DC68 /* FeedImageDataStoreSpy.swift */,
				E36AB5822ECA7D0C00E6DC68 /* CacheFeedImageDataUseCaseTests.swift */,
			);
			path = Helpers;
			sourceTree = "<group>";
		};
		E3DC11CC2E10648C00775ED3 /* Frameworks */ = {
			isa = PBXGroup;
			children = (
			);
			name = Frameworks;
			sourceTree = "<group>";
		};
		E3E2FEED2E01DA7F0084C3FC /* Infrastructure */ = {
			isa = PBXGroup;
			children = (
				E3E2FEEE2E01DB210084C3FC /* CoreData */,
			);
			path = Infrastructure;
			sourceTree = "<group>";
		};
		E3E2FEEE2E01DB210084C3FC /* CoreData */ = {
			isa = PBXGroup;
			children = (
				E341A64E2E0B256E007C6760 /* Helpers */,
				E30B073F2E004FC000B16574 /* FeedStore.xcdatamodeld */,
				E3A2C0C42DFF66E3009795DB /* CoreDataFeedStore.swift */,
				E3E2FEF22E01DCD20084C3FC /* ManagedCache.swift */,
				E3E2FEF42E01DD070084C3FC /* ManagedFeedImage.swift */,
			);
			path = CoreData;
			sourceTree = "<group>";
		};
		E3EBA0002DFF14D7001007F6 /* FeedStoreSpecs */ = {
			isa = PBXGroup;
			children = (
				E3EB9FF22DFEDFD3001007F6 /* XCTestCase+FeedStoreSpecs.swift */,
				E3EB9FF02DFEDEA1001007F6 /* FeedStoreSpecs.swift */,
				E3EB9FF42DFF0BFE001007F6 /* XCTestCase+FailableRetrieveFeedStoreSpecs.swift */,
				E3EB9FF62DFF0D4B001007F6 /* XCTestCase+FailableInsertFeedStoreSpecs.swift */,
				E3EB9FF82DFF0FB9001007F6 /* XCTestCase+FailableDeleteFeedStoreSpecs.swift */,
			);
			path = FeedStoreSpecs;
			sourceTree = "<group>";
		};
		E3EDC2992DDF31DA005299A9 /* Helpers */ = {
			isa = PBXGroup;
			children = (
				E3EDC2972DDF315E005299A9 /* XCTestCase+MemoryLeakTracking.swift */,
				E32AE1202DFB76C5007A0AD9 /* SharedTestHelpers.swift */,
			);
			path = Helpers;
			sourceTree = "<group>";
		};
/* End PBXGroup section */

/* Begin PBXHeadersBuildPhase section */
		080EDEEC21B6DA7E00813479 /* Headers */ = {
			isa = PBXHeadersBuildPhase;
			buildActionMask = 2147483647;
			files = (
			);
			runOnlyForDeploymentPostprocessing = 0;
		};
		E38E7E5F2E0EF08000D2452E /* Headers */ = {
			isa = PBXHeadersBuildPhase;
			buildActionMask = 2147483647;
			files = (
			);
			runOnlyForDeploymentPostprocessing = 0;
		};
/* End PBXHeadersBuildPhase section */

/* Begin PBXNativeTarget section */
		080EDEF021B6DA7E00813479 /* EssentialFeed */ = {
			isa = PBXNativeTarget;
			buildConfigurationList = 080EDF0521B6DA7E00813479 /* Build configuration list for PBXNativeTarget "EssentialFeed" */;
			buildPhases = (
				080EDEEC21B6DA7E00813479 /* Headers */,
				080EDEED21B6DA7E00813479 /* Sources */,
				080EDEEE21B6DA7E00813479 /* Frameworks */,
				080EDEEF21B6DA7E00813479 /* Resources */,
			);
			buildRules = (
			);
			dependencies = (
			);
			fileSystemSynchronizedGroups = (
				E3EFD0422EC38FCF008900CE /* Helpers */,
			);
			name = EssentialFeed;
			productName = EssentialFeed;
			productReference = 080EDEF121B6DA7E00813479 /* EssentialFeed.framework */;
			productType = "com.apple.product-type.framework";
		};
		080EDEF921B6DA7E00813479 /* EssentialFeedTests */ = {
			isa = PBXNativeTarget;
			buildConfigurationList = 080EDF0821B6DA7E00813479 /* Build configuration list for PBXNativeTarget "EssentialFeedTests" */;
			buildPhases = (
				080EDEF621B6DA7E00813479 /* Sources */,
				080EDEF721B6DA7E00813479 /* Frameworks */,
				080EDEF821B6DA7E00813479 /* Resources */,
			);
			buildRules = (
			);
			dependencies = (
				080EDEFD21B6DA7E00813479 /* PBXTargetDependency */,
			);
			fileSystemSynchronizedGroups = (
				E3EFD0432EC3908E008900CE /* Helpers */,
			);
			name = EssentialFeedTests;
			productName = EssentialFeedTests;
			productReference = 080EDEFA21B6DA7E00813479 /* EssentialFeedTests.xctest */;
			productType = "com.apple.product-type.bundle.unit-test";
		};
		E3436A1F2DE0D42B00615B52 /* EssentialFeedAPIEndToEndTests */ = {
			isa = PBXNativeTarget;
			buildConfigurationList = E3436A272DE0D42B00615B52 /* Build configuration list for PBXNativeTarget "EssentialFeedAPIEndToEndTests" */;
			buildPhases = (
				E3436A1C2DE0D42B00615B52 /* Sources */,
				E3436A1D2DE0D42B00615B52 /* Frameworks */,
				E3436A1E2DE0D42B00615B52 /* Resources */,
			);
			buildRules = (
			);
			dependencies = (
				E3436A262DE0D42B00615B52 /* PBXTargetDependency */,
			);
			fileSystemSynchronizedGroups = (
				E3436A212DE0D42B00615B52 /* EssentialFeedAPIEndToEndTests */,
			);
			name = EssentialFeedAPIEndToEndTests;
			packageProductDependencies = (
			);
			productName = EssentialFeedAPIEndToEndTests;
			productReference = E3436A202DE0D42B00615B52 /* EssentialFeedAPIEndToEndTests.xctest */;
			productType = "com.apple.product-type.bundle.unit-test";
		};
		E38E7E632E0EF08000D2452E /* EssentialFeediOS */ = {
			isa = PBXNativeTarget;
			buildConfigurationList = E38E7E782E0EF08000D2452E /* Build configuration list for PBXNativeTarget "EssentialFeediOS" */;
			buildPhases = (
				E38E7E5F2E0EF08000D2452E /* Headers */,
				E38E7E602E0EF08000D2452E /* Sources */,
				E38E7E612E0EF08000D2452E /* Frameworks */,
				E38E7E622E0EF08000D2452E /* Resources */,
			);
			buildRules = (
			);
			dependencies = (
			);
			fileSystemSynchronizedGroups = (
				E38E7E652E0EF08000D2452E /* EssentialFeediOS */,
			);
			name = EssentialFeediOS;
			packageProductDependencies = (
			);
			productName = EssentialFeediOS;
			productReference = E38E7E642E0EF08000D2452E /* EssentialFeediOS.framework */;
			productType = "com.apple.product-type.framework";
		};
		E38E7E6A2E0EF08000D2452E /* EssentialFeediOSTests */ = {
			isa = PBXNativeTarget;
			buildConfigurationList = E38E7E792E0EF08000D2452E /* Build configuration list for PBXNativeTarget "EssentialFeediOSTests" */;
			buildPhases = (
				E38E7E672E0EF08000D2452E /* Sources */,
				E38E7E682E0EF08000D2452E /* Frameworks */,
				E38E7E692E0EF08000D2452E /* Resources */,
			);
			buildRules = (
			);
			dependencies = (
				E38E7E6E2E0EF08000D2452E /* PBXTargetDependency */,
			);
			fileSystemSynchronizedGroups = (
				E38E7E6F2E0EF08000D2452E /* EssentialFeediOSTests */,
			);
			name = EssentialFeediOSTests;
			packageProductDependencies = (
			);
			productName = EssentialFeediOSTests;
			productReference = E38E7E6B2E0EF08000D2452E /* EssentialFeediOSTests.xctest */;
			productType = "com.apple.product-type.bundle.unit-test";
		};
		E3E1A6E82E07128F00D1EEE8 /* EssentialFeedCacheIntegrationTests */ = {
			isa = PBXNativeTarget;
			buildConfigurationList = E3E1A6F22E07128F00D1EEE8 /* Build configuration list for PBXNativeTarget "EssentialFeedCacheIntegrationTests" */;
			buildPhases = (
				E3E1A6E52E07128F00D1EEE8 /* Sources */,
				E3E1A6E62E07128F00D1EEE8 /* Frameworks */,
				E3E1A6E72E07128F00D1EEE8 /* Resources */,
			);
			buildRules = (
			);
			dependencies = (
				E3E1A6EF2E07128F00D1EEE8 /* PBXTargetDependency */,
			);
			fileSystemSynchronizedGroups = (
				E3E1A6EA2E07128F00D1EEE8 /* EssentialFeedCacheIntegrationTests */,
			);
			name = EssentialFeedCacheIntegrationTests;
			packageProductDependencies = (
			);
			productName = EssentialFeedCacheIntegrationTests;
			productReference = E3E1A6E92E07128F00D1EEE8 /* EssentialFeedCacheIntegrationTests.xctest */;
			productType = "com.apple.product-type.bundle.unit-test";
		};
/* End PBXNativeTarget section */

/* Begin PBXProject section */
		080EDEE821B6DA7E00813479 /* Project object */ = {
			isa = PBXProject;
			attributes = {
				BuildIndependentTargetsInParallel = YES;
				LastSwiftUpdateCheck = 1620;
				LastUpgradeCheck = 1600;
				ORGANIZATIONNAME = "";
				TargetAttributes = {
					080EDEF021B6DA7E00813479 = {
						CreatedOnToolsVersion = 10.1;
						LastSwiftMigration = 1540;
					};
					080EDEF921B6DA7E00813479 = {
						CreatedOnToolsVersion = 10.1;
						LastSwiftMigration = 1620;
					};
					E3436A1F2DE0D42B00615B52 = {
						CreatedOnToolsVersion = 16.2;
					};
					E38E7E632E0EF08000D2452E = {
						CreatedOnToolsVersion = 16.2;
						LastSwiftMigration = 1620;
					};
					E38E7E6A2E0EF08000D2452E = {
						CreatedOnToolsVersion = 16.2;
						LastSwiftMigration = 1620;
					};
					E3E1A6E82E07128F00D1EEE8 = {
						CreatedOnToolsVersion = 16.2;
					};
				};
			};
			buildConfigurationList = 080EDEEB21B6DA7E00813479 /* Build configuration list for PBXProject "EssentialFeed" */;
			developmentRegion = en;
			hasScannedForEncodings = 0;
			knownRegions = (
				en,
				Base,
				"pt-PT",
				el,
			);
			mainGroup = 080EDEE721B6DA7E00813479;
			preferredProjectObjectVersion = 55;
			productRefGroup = 080EDEF221B6DA7E00813479 /* Products */;
			projectDirPath = "";
			projectRoot = "";
			targets = (
				080EDEF021B6DA7E00813479 /* EssentialFeed */,
				080EDEF921B6DA7E00813479 /* EssentialFeedTests */,
				E3436A1F2DE0D42B00615B52 /* EssentialFeedAPIEndToEndTests */,
				E3E1A6E82E07128F00D1EEE8 /* EssentialFeedCacheIntegrationTests */,
				E38E7E632E0EF08000D2452E /* EssentialFeediOS */,
				E38E7E6A2E0EF08000D2452E /* EssentialFeediOSTests */,
			);
		};
/* End PBXProject section */

/* Begin PBXResourcesBuildPhase section */
		080EDEEF21B6DA7E00813479 /* Resources */ = {
			isa = PBXResourcesBuildPhase;
			buildActionMask = 2147483647;
			files = (
			);
			runOnlyForDeploymentPostprocessing = 0;
		};
		080EDEF821B6DA7E00813479 /* Resources */ = {
			isa = PBXResourcesBuildPhase;
			buildActionMask = 2147483647;
			files = (
			);
			runOnlyForDeploymentPostprocessing = 0;
		};
		E3436A1E2DE0D42B00615B52 /* Resources */ = {
			isa = PBXResourcesBuildPhase;
			buildActionMask = 2147483647;
			files = (
				E3FDC7D52DE8DA5B00F9AD7C /* CI_macOS.xctestplan in Resources */,
			);
			runOnlyForDeploymentPostprocessing = 0;
		};
		E38E7E622E0EF08000D2452E /* Resources */ = {
			isa = PBXResourcesBuildPhase;
			buildActionMask = 2147483647;
			files = (
			);
			runOnlyForDeploymentPostprocessing = 0;
		};
		E38E7E692E0EF08000D2452E /* Resources */ = {
			isa = PBXResourcesBuildPhase;
			buildActionMask = 2147483647;
			files = (
			);
			runOnlyForDeploymentPostprocessing = 0;
		};
		E3E1A6E72E07128F00D1EEE8 /* Resources */ = {
			isa = PBXResourcesBuildPhase;
			buildActionMask = 2147483647;
			files = (
			);
			runOnlyForDeploymentPostprocessing = 0;
		};
/* End PBXResourcesBuildPhase section */

/* Begin PBXSourcesBuildPhase section */
		080EDEED21B6DA7E00813479 /* Sources */ = {
			isa = PBXSourcesBuildPhase;
			buildActionMask = 2147483647;
			files = (
				E36AB57C2ECA640100E6DC68 /* LocalFeedImageDataLoader.swift in Sources */,
				E3E2FEF12E01DC020084C3FC /* CoreDataHelpers.swift in Sources */,
				E3BD65FC2DDCD627008EC29A /* FeedItemsMapper.swift in Sources */,
				080EDF0E21B6DCB600813479 /* FeedLoader.swift in Sources */,
				E3CFC9AA2DF8A6A60065BF5F /* RemoteFeedItem.swift in Sources */,
				E35C0ADE2DFC33C9000159B0 /* FeedCachePolicy.swift in Sources */,
				E3BD65F82DDC9A7B008EC29A /* RemoteFeedLoader.swift in Sources */,
				E3EFD03D2EC37A8F008900CE /* RemoteFeedImageDataLoader.swift in Sources */,
				E30B07412E004FC000B16574 /* FeedStore.xcdatamodeld in Sources */,
				E3CFC9AC2DF8A7DD0065BF5F /* LocalFeedImage.swift in Sources */,
				E36AB57E2ECA644C00E6DC68 /* FeedImageDataStore.swift in Sources */,
				E325F72A2DF1BA6500B60EB5 /* FeedStore.swift in Sources */,
				E325F7282DF0F48100B60EB5 /* LocalFeedLoader.swift in Sources */,
				E3BD65FA2DDCD590008EC29A /* HTTPClient.swift in Sources */,
				080EDF0C21B6DAE800813479 /* FeedImage.swift in Sources */,
				E3436A1A2DE0B5DD00615B52 /* URLSessionHTTPClient.swift in Sources */,
				E3457BCF2EC0BBA50083A4EE /* FeedImageDataLoader.swift in Sources */,
				E3E2FEF32E01DCD20084C3FC /* ManagedCache.swift in Sources */,
				E3A2C0C52DFF66E3009795DB /* CoreDataFeedStore.swift in Sources */,
				E3E2FEF52E01DD070084C3FC /* ManagedFeedImage.swift in Sources */,
			);
			runOnlyForDeploymentPostprocessing = 0;
		};
		080EDEF621B6DA7E00813479 /* Sources */ = {
			isa = PBXSourcesBuildPhase;
			buildActionMask = 2147483647;
			files = (
				E32C98B32EC647B400764400 /* LocalFeedImageDataLoaderTests.swift in Sources */,
				E3A435CE2DDC85FC00134B0C /* LoadFeedFromRemoteUseCaseTests.swift in Sources */,
				E3EDC2962DDE1228005299A9 /* URLSessionHTTPClientTests.swift in Sources */,
				E3CFC9B12DF8BD560065BF5F /* FeedStoreSpy.swift in Sources */,
				E36AB5812ECA7BB200E6DC68 /* FeedImageDataStoreSpy.swift in Sources */,
				E3EB9FF72DFF0D4B001007F6 /* XCTestCase+FailableInsertFeedStoreSpecs.swift in Sources */,
				E31DD7482EBE80E9001ADC12 /* RemoteFeedImageDataLoaderTests.swift in Sources */,
				E3648E952DEED80600E611D0 /* CacheFeedUseCaseTests.swift in Sources */,
				E32AE11F2DFB75A3007A0AD9 /* FeedCacheHelpers.swift in Sources */,
				E32AE1222DFB76C5007A0AD9 /* SharedTestHelpers.swift in Sources */,
				E3CFC9AE2DF8BAD20065BF5F /* LoadFeedFromCacheUseCaseTests.swift in Sources */,
				E3EB9FF92DFF0FB9001007F6 /* XCTestCase+FailableDeleteFeedStoreSpecs.swift in Sources */,
				E3EB9FF52DFF0BFE001007F6 /* XCTestCase+FailableRetrieveFeedStoreSpecs.swift in Sources */,
				E32AE11D2DFB6DC3007A0AD9 /* ValidateFeedCacheUsecaseTests.swift in Sources */,
				E36AB5842ECA7D0C00E6DC68 /* CacheFeedImageDataUseCaseTests.swift in Sources */,
				E3EB9FF12DFEDEA1001007F6 /* FeedStoreSpecs.swift in Sources */,
				E3EDC2982DDF315E005299A9 /* XCTestCase+MemoryLeakTracking.swift in Sources */,
				E3A2C0C32DFF660C009795DB /* CoreDataFeedStoreTests.swift in Sources */,
				E3EB9FF32DFEDFD3001007F6 /* XCTestCase+FeedStoreSpecs.swift in Sources */,
			);
			runOnlyForDeploymentPostprocessing = 0;
		};
		E3436A1C2DE0D42B00615B52 /* Sources */ = {
			isa = PBXSourcesBuildPhase;
			buildActionMask = 2147483647;
			files = (
				E3436A2A2DE0E98600615B52 /* XCTestCase+MemoryLeakTracking.swift in Sources */,
				E32AE1212DFB76C5007A0AD9 /* SharedTestHelpers.swift in Sources */,
			);
			runOnlyForDeploymentPostprocessing = 0;
		};
		E38E7E602E0EF08000D2452E /* Sources */ = {
			isa = PBXSourcesBuildPhase;
			buildActionMask = 2147483647;
			files = (
			);
			runOnlyForDeploymentPostprocessing = 0;
		};
		E38E7E672E0EF08000D2452E /* Sources */ = {
			isa = PBXSourcesBuildPhase;
			buildActionMask = 2147483647;
			files = (
			);
			runOnlyForDeploymentPostprocessing = 0;
		};
		E3E1A6E52E07128F00D1EEE8 /* Sources */ = {
			isa = PBXSourcesBuildPhase;
			buildActionMask = 2147483647;
			files = (
				E3E1A7002E07173600D1EEE8 /* SharedTestHelpers.swift in Sources */,
				E3E1A6FE2E0716D200D1EEE8 /* XCTestCase+MemoryLeakTracking.swift in Sources */,
				E36AB5832ECA7D0C00E6DC68 /* CacheFeedImageDataUseCaseTests.swift in Sources */,
				E36AB5802ECA7BB200E6DC68 /* FeedImageDataStoreSpy.swift in Sources */,
				E3E1A6FF2E07172B00D1EEE8 /* FeedCacheHelpers.swift in Sources */,
			);
			runOnlyForDeploymentPostprocessing = 0;
		};
/* End PBXSourcesBuildPhase section */

/* Begin PBXTargetDependency section */
		080EDEFD21B6DA7E00813479 /* PBXTargetDependency */ = {
			isa = PBXTargetDependency;
			target = 080EDEF021B6DA7E00813479 /* EssentialFeed */;
			targetProxy = 080EDEFC21B6DA7E00813479 /* PBXContainerItemProxy */;
		};
		E3436A262DE0D42B00615B52 /* PBXTargetDependency */ = {
			isa = PBXTargetDependency;
			target = 080EDEF021B6DA7E00813479 /* EssentialFeed */;
			targetProxy = E3436A252DE0D42B00615B52 /* PBXContainerItemProxy */;
		};
		E38E7E6E2E0EF08000D2452E /* PBXTargetDependency */ = {
			isa = PBXTargetDependency;
			target = E38E7E632E0EF08000D2452E /* EssentialFeediOS */;
			targetProxy = E38E7E6D2E0EF08000D2452E /* PBXContainerItemProxy */;
		};
		E3E1A6EF2E07128F00D1EEE8 /* PBXTargetDependency */ = {
			isa = PBXTargetDependency;
			target = 080EDEF021B6DA7E00813479 /* EssentialFeed */;
			targetProxy = E3E1A6EE2E07128F00D1EEE8 /* PBXContainerItemProxy */;
		};
/* End PBXTargetDependency section */

/* Begin XCBuildConfiguration section */
		080EDF0321B6DA7E00813479 /* Debug */ = {
			isa = XCBuildConfiguration;
			buildSettings = {
				ALWAYS_SEARCH_USER_PATHS = NO;
				ASSETCATALOG_COMPILER_GENERATE_SWIFT_ASSET_SYMBOL_EXTENSIONS = YES;
				CLANG_ANALYZER_LOCALIZABILITY_NONLOCALIZED = YES;
				CLANG_ANALYZER_NONNULL = YES;
				CLANG_ANALYZER_NUMBER_OBJECT_CONVERSION = YES_AGGRESSIVE;
				CLANG_CXX_LANGUAGE_STANDARD = "gnu++14";
				CLANG_CXX_LIBRARY = "libc++";
				CLANG_ENABLE_MODULES = YES;
				CLANG_ENABLE_OBJC_ARC = YES;
				CLANG_ENABLE_OBJC_WEAK = YES;
				CLANG_WARN_BLOCK_CAPTURE_AUTORELEASING = YES;
				CLANG_WARN_BOOL_CONVERSION = YES;
				CLANG_WARN_COMMA = YES;
				CLANG_WARN_CONSTANT_CONVERSION = YES;
				CLANG_WARN_DEPRECATED_OBJC_IMPLEMENTATIONS = YES;
				CLANG_WARN_DIRECT_OBJC_ISA_USAGE = YES_ERROR;
				CLANG_WARN_DOCUMENTATION_COMMENTS = YES;
				CLANG_WARN_EMPTY_BODY = YES;
				CLANG_WARN_ENUM_CONVERSION = YES;
				CLANG_WARN_INFINITE_RECURSION = YES;
				CLANG_WARN_INT_CONVERSION = YES;
				CLANG_WARN_NON_LITERAL_NULL_CONVERSION = YES;
				CLANG_WARN_OBJC_IMPLICIT_RETAIN_SELF = YES;
				CLANG_WARN_OBJC_LITERAL_CONVERSION = YES;
				CLANG_WARN_OBJC_ROOT_CLASS = YES_ERROR;
				CLANG_WARN_QUOTED_INCLUDE_IN_FRAMEWORK_HEADER = YES;
				CLANG_WARN_RANGE_LOOP_ANALYSIS = YES;
				CLANG_WARN_STRICT_PROTOTYPES = YES;
				CLANG_WARN_SUSPICIOUS_MOVE = YES;
				CLANG_WARN_UNGUARDED_AVAILABILITY = YES_AGGRESSIVE;
				CLANG_WARN_UNREACHABLE_CODE = YES;
				CLANG_WARN__DUPLICATE_METHOD_MATCH = YES;
				CODE_SIGN_IDENTITY = "Mac Developer";
				COPY_PHASE_STRIP = NO;
				CURRENT_PROJECT_VERSION = 1;
				DEAD_CODE_STRIPPING = YES;
				DEBUG_INFORMATION_FORMAT = dwarf;
				ENABLE_STRICT_OBJC_MSGSEND = YES;
				ENABLE_TESTABILITY = YES;
				ENABLE_USER_SCRIPT_SANDBOXING = YES;
				GCC_C_LANGUAGE_STANDARD = gnu11;
				GCC_DYNAMIC_NO_PIC = NO;
				GCC_NO_COMMON_BLOCKS = YES;
				GCC_OPTIMIZATION_LEVEL = 0;
				GCC_PREPROCESSOR_DEFINITIONS = (
					"DEBUG=1",
					"$(inherited)",
				);
				GCC_WARN_64_TO_32_BIT_CONVERSION = YES;
				GCC_WARN_ABOUT_RETURN_TYPE = YES_ERROR;
				GCC_WARN_UNDECLARED_SELECTOR = YES;
				GCC_WARN_UNINITIALIZED_AUTOS = YES_AGGRESSIVE;
				GCC_WARN_UNUSED_FUNCTION = YES;
				GCC_WARN_UNUSED_VARIABLE = YES;
				MACOSX_DEPLOYMENT_TARGET = 14.0;
				MTL_ENABLE_DEBUG_INFO = INCLUDE_SOURCE;
				MTL_FAST_MATH = YES;
				ONLY_ACTIVE_ARCH = YES;
				SDKROOT = macosx;
				SWIFT_ACTIVE_COMPILATION_CONDITIONS = DEBUG;
				SWIFT_OPTIMIZATION_LEVEL = "-Onone";
				SWIFT_STRICT_CONCURRENCY = minimal;
				SWIFT_VERSION = 5.0;
				VERSIONING_SYSTEM = "apple-generic";
				VERSION_INFO_PREFIX = "";
			};
			name = Debug;
		};
		080EDF0421B6DA7E00813479 /* Release */ = {
			isa = XCBuildConfiguration;
			buildSettings = {
				ALWAYS_SEARCH_USER_PATHS = NO;
				ASSETCATALOG_COMPILER_GENERATE_SWIFT_ASSET_SYMBOL_EXTENSIONS = YES;
				CLANG_ANALYZER_LOCALIZABILITY_NONLOCALIZED = YES;
				CLANG_ANALYZER_NONNULL = YES;
				CLANG_ANALYZER_NUMBER_OBJECT_CONVERSION = YES_AGGRESSIVE;
				CLANG_CXX_LANGUAGE_STANDARD = "gnu++14";
				CLANG_CXX_LIBRARY = "libc++";
				CLANG_ENABLE_MODULES = YES;
				CLANG_ENABLE_OBJC_ARC = YES;
				CLANG_ENABLE_OBJC_WEAK = YES;
				CLANG_WARN_BLOCK_CAPTURE_AUTORELEASING = YES;
				CLANG_WARN_BOOL_CONVERSION = YES;
				CLANG_WARN_COMMA = YES;
				CLANG_WARN_CONSTANT_CONVERSION = YES;
				CLANG_WARN_DEPRECATED_OBJC_IMPLEMENTATIONS = YES;
				CLANG_WARN_DIRECT_OBJC_ISA_USAGE = YES_ERROR;
				CLANG_WARN_DOCUMENTATION_COMMENTS = YES;
				CLANG_WARN_EMPTY_BODY = YES;
				CLANG_WARN_ENUM_CONVERSION = YES;
				CLANG_WARN_INFINITE_RECURSION = YES;
				CLANG_WARN_INT_CONVERSION = YES;
				CLANG_WARN_NON_LITERAL_NULL_CONVERSION = YES;
				CLANG_WARN_OBJC_IMPLICIT_RETAIN_SELF = YES;
				CLANG_WARN_OBJC_LITERAL_CONVERSION = YES;
				CLANG_WARN_OBJC_ROOT_CLASS = YES_ERROR;
				CLANG_WARN_QUOTED_INCLUDE_IN_FRAMEWORK_HEADER = YES;
				CLANG_WARN_RANGE_LOOP_ANALYSIS = YES;
				CLANG_WARN_STRICT_PROTOTYPES = YES;
				CLANG_WARN_SUSPICIOUS_MOVE = YES;
				CLANG_WARN_UNGUARDED_AVAILABILITY = YES_AGGRESSIVE;
				CLANG_WARN_UNREACHABLE_CODE = YES;
				CLANG_WARN__DUPLICATE_METHOD_MATCH = YES;
				CODE_SIGN_IDENTITY = "Mac Developer";
				COPY_PHASE_STRIP = NO;
				CURRENT_PROJECT_VERSION = 1;
				DEAD_CODE_STRIPPING = YES;
				DEBUG_INFORMATION_FORMAT = "dwarf-with-dsym";
				ENABLE_NS_ASSERTIONS = NO;
				ENABLE_STRICT_OBJC_MSGSEND = YES;
				ENABLE_USER_SCRIPT_SANDBOXING = YES;
				GCC_C_LANGUAGE_STANDARD = gnu11;
				GCC_NO_COMMON_BLOCKS = YES;
				GCC_WARN_64_TO_32_BIT_CONVERSION = YES;
				GCC_WARN_ABOUT_RETURN_TYPE = YES_ERROR;
				GCC_WARN_UNDECLARED_SELECTOR = YES;
				GCC_WARN_UNINITIALIZED_AUTOS = YES_AGGRESSIVE;
				GCC_WARN_UNUSED_FUNCTION = YES;
				GCC_WARN_UNUSED_VARIABLE = YES;
				MACOSX_DEPLOYMENT_TARGET = 14.0;
				MTL_ENABLE_DEBUG_INFO = NO;
				MTL_FAST_MATH = YES;
				SDKROOT = macosx;
				SWIFT_COMPILATION_MODE = wholemodule;
				SWIFT_OPTIMIZATION_LEVEL = "-O";
				SWIFT_STRICT_CONCURRENCY = minimal;
				SWIFT_VERSION = 5.0;
				VERSIONING_SYSTEM = "apple-generic";
				VERSION_INFO_PREFIX = "";
			};
			name = Release;
		};
		080EDF0621B6DA7E00813479 /* Debug */ = {
			isa = XCBuildConfiguration;
			buildSettings = {
				CLANG_ENABLE_MODULES = YES;
				CODE_SIGN_IDENTITY = "";
				CODE_SIGN_STYLE = Automatic;
				COMBINE_HIDPI_IMAGES = YES;
				DEAD_CODE_STRIPPING = YES;
				DEFINES_MODULE = YES;
				DEVELOPMENT_TEAM = "";
				DYLIB_COMPATIBILITY_VERSION = 1;
				DYLIB_CURRENT_VERSION = 1;
				DYLIB_INSTALL_NAME_BASE = "@rpath";
				ENABLE_MODULE_VERIFIER = YES;
				FRAMEWORK_VERSION = A;
				INFOPLIST_FILE = EssentialFeed/Info.plist;
				INSTALL_PATH = "$(LOCAL_LIBRARY_DIR)/Frameworks";
				LD_RUNPATH_SEARCH_PATHS = (
					"$(inherited)",
					"@executable_path/../Frameworks",
					"@loader_path/Frameworks",
				);
				MODULE_VERIFIER_SUPPORTED_LANGUAGE_STANDARDS = "gnu11 gnu++14";
				PRODUCT_BUNDLE_IDENTIFIER = com.essentialdeveloper.EssentialFeed;
				PRODUCT_NAME = "$(TARGET_NAME:c99extidentifier)";
				SKIP_INSTALL = YES;
				SUPPORTED_PLATFORMS = "macosx iphoneos iphonesimulator";
				SWIFT_OPTIMIZATION_LEVEL = "-Onone";
			};
			name = Debug;
		};
		080EDF0721B6DA7E00813479 /* Release */ = {
			isa = XCBuildConfiguration;
			buildSettings = {
				CLANG_ENABLE_MODULES = YES;
				CODE_SIGN_IDENTITY = "";
				CODE_SIGN_STYLE = Automatic;
				COMBINE_HIDPI_IMAGES = YES;
				DEAD_CODE_STRIPPING = YES;
				DEFINES_MODULE = YES;
				DEVELOPMENT_TEAM = "";
				DYLIB_COMPATIBILITY_VERSION = 1;
				DYLIB_CURRENT_VERSION = 1;
				DYLIB_INSTALL_NAME_BASE = "@rpath";
				ENABLE_MODULE_VERIFIER = YES;
				FRAMEWORK_VERSION = A;
				INFOPLIST_FILE = EssentialFeed/Info.plist;
				INSTALL_PATH = "$(LOCAL_LIBRARY_DIR)/Frameworks";
				LD_RUNPATH_SEARCH_PATHS = (
					"$(inherited)",
					"@executable_path/../Frameworks",
					"@loader_path/Frameworks",
				);
				MODULE_VERIFIER_SUPPORTED_LANGUAGE_STANDARDS = "gnu11 gnu++14";
				PRODUCT_BUNDLE_IDENTIFIER = com.essentialdeveloper.EssentialFeed;
				PRODUCT_NAME = "$(TARGET_NAME:c99extidentifier)";
				SKIP_INSTALL = YES;
				SUPPORTED_PLATFORMS = macosx;
			};
			name = Release;
		};
		080EDF0921B6DA7E00813479 /* Debug */ = {
			isa = XCBuildConfiguration;
			buildSettings = {
				CLANG_ENABLE_MODULES = YES;
				"CODE_SIGN_IDENTITY[sdk=macosx*]" = "-";
				CODE_SIGN_STYLE = Automatic;
				COMBINE_HIDPI_IMAGES = YES;
				DEAD_CODE_STRIPPING = YES;
				DEVELOPMENT_TEAM = "";
				INFOPLIST_FILE = EssentialFeedTests/Info.plist;
				LD_RUNPATH_SEARCH_PATHS = (
					"$(inherited)",
					"@executable_path/../Frameworks",
					"@loader_path/../Frameworks",
				);
				PRODUCT_BUNDLE_IDENTIFIER = com.essentialdeveloper.EssentialFeedTests;
				PRODUCT_NAME = "$(TARGET_NAME)";
				SUPPORTED_PLATFORMS = "macosx iphoneos iphonesimulator";
				SWIFT_OPTIMIZATION_LEVEL = "-Onone";
				SWIFT_VERSION = 5.0;
			};
			name = Debug;
		};
		080EDF0A21B6DA7E00813479 /* Release */ = {
			isa = XCBuildConfiguration;
			buildSettings = {
				CLANG_ENABLE_MODULES = YES;
				"CODE_SIGN_IDENTITY[sdk=macosx*]" = "-";
				CODE_SIGN_STYLE = Automatic;
				COMBINE_HIDPI_IMAGES = YES;
				DEAD_CODE_STRIPPING = YES;
				DEVELOPMENT_TEAM = "";
				INFOPLIST_FILE = EssentialFeedTests/Info.plist;
				LD_RUNPATH_SEARCH_PATHS = (
					"$(inherited)",
					"@executable_path/../Frameworks",
					"@loader_path/../Frameworks",
				);
				PRODUCT_BUNDLE_IDENTIFIER = com.essentialdeveloper.EssentialFeedTests;
				PRODUCT_NAME = "$(TARGET_NAME)";
				SUPPORTED_PLATFORMS = "iphonesimulator iphoneos macosx";
				SWIFT_VERSION = 5.0;
			};
			name = Release;
		};
		E3436A282DE0D42B00615B52 /* Debug */ = {
			isa = XCBuildConfiguration;
			buildSettings = {
				CLANG_CXX_LANGUAGE_STANDARD = "gnu++20";
				CODE_SIGN_STYLE = Automatic;
				CURRENT_PROJECT_VERSION = 1;
				DEVELOPMENT_TEAM = L546GM2JGW;
				GCC_C_LANGUAGE_STANDARD = gnu17;
				GENERATE_INFOPLIST_FILE = YES;
				LOCALIZATION_PREFERS_STRING_CATALOGS = YES;
				MACOSX_DEPLOYMENT_TARGET = 15.2;
				MARKETING_VERSION = 1.0;
				PRODUCT_BUNDLE_IDENTIFIER = marija.EssentialFeedAPIEndToEndTests;
				PRODUCT_NAME = "$(TARGET_NAME)";
				SUPPORTED_PLATFORMS = "macosx iphonesimulator iphoneos";
				SWIFT_ACTIVE_COMPILATION_CONDITIONS = "DEBUG $(inherited)";
				SWIFT_EMIT_LOC_STRINGS = NO;
				SWIFT_VERSION = 5.0;
			};
			name = Debug;
		};
		E3436A292DE0D42B00615B52 /* Release */ = {
			isa = XCBuildConfiguration;
			buildSettings = {
				CLANG_CXX_LANGUAGE_STANDARD = "gnu++20";
				CODE_SIGN_STYLE = Automatic;
				CURRENT_PROJECT_VERSION = 1;
				DEVELOPMENT_TEAM = L546GM2JGW;
				GCC_C_LANGUAGE_STANDARD = gnu17;
				GENERATE_INFOPLIST_FILE = YES;
				LOCALIZATION_PREFERS_STRING_CATALOGS = YES;
				MACOSX_DEPLOYMENT_TARGET = 15.2;
				MARKETING_VERSION = 1.0;
				PRODUCT_BUNDLE_IDENTIFIER = marija.EssentialFeedAPIEndToEndTests;
				PRODUCT_NAME = "$(TARGET_NAME)";
				SUPPORTED_PLATFORMS = "macosx iphonesimulator iphoneos";
				SWIFT_EMIT_LOC_STRINGS = NO;
				SWIFT_VERSION = 5.0;
			};
			name = Release;
		};
		E38E7E732E0EF08000D2452E /* Debug */ = {
			isa = XCBuildConfiguration;
			buildSettings = {
				BUILD_LIBRARY_FOR_DISTRIBUTION = NO;
				CLANG_CXX_LANGUAGE_STANDARD = "gnu++20";
				CLANG_ENABLE_MODULES = YES;
				CODE_SIGN_STYLE = Automatic;
				CURRENT_PROJECT_VERSION = 1;
				DEFINES_MODULE = YES;
				DEVELOPMENT_TEAM = L546GM2JGW;
				DYLIB_COMPATIBILITY_VERSION = 1;
				DYLIB_CURRENT_VERSION = 1;
				DYLIB_INSTALL_NAME_BASE = "@rpath";
				ENABLE_MODULE_VERIFIER = YES;
				GCC_C_LANGUAGE_STANDARD = gnu17;
				GENERATE_INFOPLIST_FILE = YES;
				INFOPLIST_KEY_NSHumanReadableCopyright = "";
				INSTALL_PATH = "$(LOCAL_LIBRARY_DIR)/Frameworks";
				IPHONEOS_DEPLOYMENT_TARGET = 26.0.1;
				LD_RUNPATH_SEARCH_PATHS = (
					"$(inherited)",
					"@executable_path/Frameworks",
					"@loader_path/Frameworks",
				);
				LOCALIZATION_PREFERS_STRING_CATALOGS = YES;
				MARKETING_VERSION = 1.0;
				MODULE_VERIFIER_SUPPORTED_LANGUAGES = "objective-c objective-c++";
				MODULE_VERIFIER_SUPPORTED_LANGUAGE_STANDARDS = "gnu17 gnu++20";
				PRODUCT_BUNDLE_IDENTIFIER = marija.EssentialFeediOS;
				PRODUCT_NAME = "$(TARGET_NAME:c99extidentifier)";
				SDKROOT = iphoneos;
				SKIP_INSTALL = YES;
				SWIFT_ACTIVE_COMPILATION_CONDITIONS = "DEBUG $(inherited)";
				SWIFT_EMIT_LOC_STRINGS = YES;
				SWIFT_INSTALL_OBJC_HEADER = NO;
				SWIFT_OPTIMIZATION_LEVEL = "-Onone";
				SWIFT_VERSION = 5.0;
				TARGETED_DEVICE_FAMILY = "1,2";
			};
			name = Debug;
		};
		E38E7E742E0EF08000D2452E /* Release */ = {
			isa = XCBuildConfiguration;
			buildSettings = {
				BUILD_LIBRARY_FOR_DISTRIBUTION = NO;
				CLANG_CXX_LANGUAGE_STANDARD = "gnu++20";
				CLANG_ENABLE_MODULES = YES;
				CODE_SIGN_STYLE = Automatic;
				CURRENT_PROJECT_VERSION = 1;
				DEFINES_MODULE = YES;
				DEVELOPMENT_TEAM = L546GM2JGW;
				DYLIB_COMPATIBILITY_VERSION = 1;
				DYLIB_CURRENT_VERSION = 1;
				DYLIB_INSTALL_NAME_BASE = "@rpath";
				ENABLE_MODULE_VERIFIER = YES;
				GCC_C_LANGUAGE_STANDARD = gnu17;
				GENERATE_INFOPLIST_FILE = YES;
				INFOPLIST_KEY_NSHumanReadableCopyright = "";
				INSTALL_PATH = "$(LOCAL_LIBRARY_DIR)/Frameworks";
				IPHONEOS_DEPLOYMENT_TARGET = 26.0.1;
				LD_RUNPATH_SEARCH_PATHS = (
					"$(inherited)",
					"@executable_path/Frameworks",
					"@loader_path/Frameworks",
				);
				LOCALIZATION_PREFERS_STRING_CATALOGS = YES;
				MARKETING_VERSION = 1.0;
				MODULE_VERIFIER_SUPPORTED_LANGUAGES = "objective-c objective-c++";
				MODULE_VERIFIER_SUPPORTED_LANGUAGE_STANDARDS = "gnu17 gnu++20";
				PRODUCT_BUNDLE_IDENTIFIER = marija.EssentialFeediOS;
				PRODUCT_NAME = "$(TARGET_NAME:c99extidentifier)";
				SDKROOT = iphoneos;
				SKIP_INSTALL = YES;
				SWIFT_EMIT_LOC_STRINGS = YES;
				SWIFT_INSTALL_OBJC_HEADER = NO;
				SWIFT_VERSION = 5.0;
				TARGETED_DEVICE_FAMILY = "1,2";
				VALIDATE_PRODUCT = YES;
			};
			name = Release;
		};
		E38E7E752E0EF08000D2452E /* Debug */ = {
			isa = XCBuildConfiguration;
			buildSettings = {
				CLANG_CXX_LANGUAGE_STANDARD = "gnu++20";
				CLANG_ENABLE_MODULES = YES;
				CODE_SIGN_STYLE = Automatic;
				CURRENT_PROJECT_VERSION = 1;
				DEFINES_MODULE = NO;
				DEVELOPMENT_TEAM = L546GM2JGW;
				GCC_C_LANGUAGE_STANDARD = gnu17;
				GENERATE_INFOPLIST_FILE = YES;
				IPHONEOS_DEPLOYMENT_TARGET = 26.0.1;
				LOCALIZATION_PREFERS_STRING_CATALOGS = YES;
				MARKETING_VERSION = 1.0;
				PRODUCT_BUNDLE_IDENTIFIER = marija.EssentialFeediOSTests;
				PRODUCT_NAME = "$(TARGET_NAME)";
				SDKROOT = iphoneos;
				SWIFT_ACTIVE_COMPILATION_CONDITIONS = "DEBUG $(inherited)";
				SWIFT_EMIT_LOC_STRINGS = NO;
				SWIFT_OPTIMIZATION_LEVEL = "-Onone";
				SWIFT_VERSION = 5.0;
				TARGETED_DEVICE_FAMILY = "1,2";
			};
			name = Debug;
		};
		E38E7E762E0EF08000D2452E /* Release */ = {
			isa = XCBuildConfiguration;
			buildSettings = {
				CLANG_CXX_LANGUAGE_STANDARD = "gnu++20";
				CLANG_ENABLE_MODULES = YES;
				CODE_SIGN_STYLE = Automatic;
				CURRENT_PROJECT_VERSION = 1;
				DEFINES_MODULE = NO;
				DEVELOPMENT_TEAM = L546GM2JGW;
				GCC_C_LANGUAGE_STANDARD = gnu17;
				GENERATE_INFOPLIST_FILE = YES;
				IPHONEOS_DEPLOYMENT_TARGET = 26.0.1;
				LOCALIZATION_PREFERS_STRING_CATALOGS = YES;
				MARKETING_VERSION = 1.0;
				PRODUCT_BUNDLE_IDENTIFIER = marija.EssentialFeediOSTests;
				PRODUCT_NAME = "$(TARGET_NAME)";
				SDKROOT = iphoneos;
				SWIFT_EMIT_LOC_STRINGS = NO;
				SWIFT_VERSION = 5.0;
				TARGETED_DEVICE_FAMILY = "1,2";
				VALIDATE_PRODUCT = YES;
			};
			name = Release;
		};
		E3E1A6F02E07128F00D1EEE8 /* Debug */ = {
			isa = XCBuildConfiguration;
			buildSettings = {
				CLANG_CXX_LANGUAGE_STANDARD = "gnu++20";
				CODE_SIGN_STYLE = Automatic;
				CURRENT_PROJECT_VERSION = 1;
				DEVELOPMENT_TEAM = L546GM2JGW;
				GCC_C_LANGUAGE_STANDARD = gnu17;
				GENERATE_INFOPLIST_FILE = YES;
				LOCALIZATION_PREFERS_STRING_CATALOGS = YES;
				MACOSX_DEPLOYMENT_TARGET = 15.2;
				MARKETING_VERSION = 1.0;
				PRODUCT_BUNDLE_IDENTIFIER = marija.EssentialFeedCacheIntegrationTests;
				PRODUCT_NAME = "$(TARGET_NAME)";
				SUPPORTED_PLATFORMS = "macosx iphonesimulator iphoneos";
				SWIFT_ACTIVE_COMPILATION_CONDITIONS = "DEBUG $(inherited)";
				SWIFT_EMIT_LOC_STRINGS = NO;
				SWIFT_VERSION = 5.0;
			};
			name = Debug;
		};
		E3E1A6F12E07128F00D1EEE8 /* Release */ = {
			isa = XCBuildConfiguration;
			buildSettings = {
				CLANG_CXX_LANGUAGE_STANDARD = "gnu++20";
				CODE_SIGN_STYLE = Automatic;
				CURRENT_PROJECT_VERSION = 1;
				DEVELOPMENT_TEAM = L546GM2JGW;
				GCC_C_LANGUAGE_STANDARD = gnu17;
				GENERATE_INFOPLIST_FILE = YES;
				LOCALIZATION_PREFERS_STRING_CATALOGS = YES;
				MACOSX_DEPLOYMENT_TARGET = 15.2;
				MARKETING_VERSION = 1.0;
				PRODUCT_BUNDLE_IDENTIFIER = marija.EssentialFeedCacheIntegrationTests;
				PRODUCT_NAME = "$(TARGET_NAME)";
				SUPPORTED_PLATFORMS = "macosx iphonesimulator iphoneos";
				SWIFT_EMIT_LOC_STRINGS = NO;
				SWIFT_VERSION = 5.0;
			};
			name = Release;
		};
/* End XCBuildConfiguration section */

/* Begin XCConfigurationList section */
		080EDEEB21B6DA7E00813479 /* Build configuration list for PBXProject "EssentialFeed" */ = {
			isa = XCConfigurationList;
			buildConfigurations = (
				080EDF0321B6DA7E00813479 /* Debug */,
				080EDF0421B6DA7E00813479 /* Release */,
			);
			defaultConfigurationIsVisible = 0;
			defaultConfigurationName = Release;
		};
		080EDF0521B6DA7E00813479 /* Build configuration list for PBXNativeTarget "EssentialFeed" */ = {
			isa = XCConfigurationList;
			buildConfigurations = (
				080EDF0621B6DA7E00813479 /* Debug */,
				080EDF0721B6DA7E00813479 /* Release */,
			);
			defaultConfigurationIsVisible = 0;
			defaultConfigurationName = Release;
		};
		080EDF0821B6DA7E00813479 /* Build configuration list for PBXNativeTarget "EssentialFeedTests" */ = {
			isa = XCConfigurationList;
			buildConfigurations = (
				080EDF0921B6DA7E00813479 /* Debug */,
				080EDF0A21B6DA7E00813479 /* Release */,
			);
			defaultConfigurationIsVisible = 0;
			defaultConfigurationName = Release;
		};
		E3436A272DE0D42B00615B52 /* Build configuration list for PBXNativeTarget "EssentialFeedAPIEndToEndTests" */ = {
			isa = XCConfigurationList;
			buildConfigurations = (
				E3436A282DE0D42B00615B52 /* Debug */,
				E3436A292DE0D42B00615B52 /* Release */,
			);
			defaultConfigurationIsVisible = 0;
			defaultConfigurationName = Release;
		};
		E38E7E782E0EF08000D2452E /* Build configuration list for PBXNativeTarget "EssentialFeediOS" */ = {
			isa = XCConfigurationList;
			buildConfigurations = (
				E38E7E732E0EF08000D2452E /* Debug */,
				E38E7E742E0EF08000D2452E /* Release */,
			);
			defaultConfigurationIsVisible = 0;
			defaultConfigurationName = Release;
		};
		E38E7E792E0EF08000D2452E /* Build configuration list for PBXNativeTarget "EssentialFeediOSTests" */ = {
			isa = XCConfigurationList;
			buildConfigurations = (
				E38E7E752E0EF08000D2452E /* Debug */,
				E38E7E762E0EF08000D2452E /* Release */,
			);
			defaultConfigurationIsVisible = 0;
			defaultConfigurationName = Release;
		};
		E3E1A6F22E07128F00D1EEE8 /* Build configuration list for PBXNativeTarget "EssentialFeedCacheIntegrationTests" */ = {
			isa = XCConfigurationList;
			buildConfigurations = (
				E3E1A6F02E07128F00D1EEE8 /* Debug */,
				E3E1A6F12E07128F00D1EEE8 /* Release */,
			);
			defaultConfigurationIsVisible = 0;
			defaultConfigurationName = Release;
		};
/* End XCConfigurationList section */

/* Begin XCVersionGroup section */
		E30B073F2E004FC000B16574 /* FeedStore.xcdatamodeld */ = {
			isa = XCVersionGroup;
			children = (
				E30B07402E004FC000B16574 /* FeedStore.xcdatamodel */,
			);
			currentVersion = E30B07402E004FC000B16574 /* FeedStore.xcdatamodel */;
			path = FeedStore.xcdatamodeld;
			sourceTree = "<group>";
			versionGroupType = wrapper.xcdatamodel;
		};
/* End XCVersionGroup section */
	};
	rootObject = 080EDEE821B6DA7E00813479 /* Project object */;
}
